
Microsoft Visual Studio Solution File, Format Version 12.00
# Visual Studio Version 17
VisualStudioVersion = 17.9.34526.213
MinimumVisualStudioVersion = 10.0.40219.1
Project("{FAE04EC0-301F-11D3-BF4B-00C04F79EFBC}") = "JsonStorageManager", "JsonStorageManager\JsonStorageManager.csproj", "{AB0FA6AD-85AE-4FDD-B0FE-A6E9E5316FB7}"
EndProject
Project("{FAE04EC0-301F-11D3-BF4B-00C04F79EFBC}") = "JsonStorageManagerUnitTests", "JsonStorageManagerUnitTests\JsonStorageManagerUnitTests.csproj", "{9E8AF900-0F82-43A2-86E1-0C76CCD886CA}"
EndProject
Global
	GlobalSection(SolutionConfigurationPlatforms) = preSolution
		Debug|Any CPU = Debug|Any CPU
		Release|Any CPU = Release|Any CPU
	EndGlobalSection
	GlobalSection(ProjectConfigurationPlatforms) = postSolution
		{AB0FA6AD-85AE-4FDD-B0FE-A6E9E5316FB7}.Debug|Any CPU.ActiveCfg = Debug|Any CPU
		{AB0FA6AD-85AE-4FDD-B0FE-A6E9E5316FB7}.Debug|Any CPU.Build.0 = Debug|Any CPU
		{AB0FA6AD-85AE-4FDD-B0FE-A6E9E5316FB7}.Release|Any CPU.ActiveCfg = Release|Any CPU
		{AB0FA6AD-85AE-4FDD-B0FE-A6E9E5316FB7}.Release|Any CPU.Build.0 = Release|Any CPU
		{9E8AF900-0F82-43A2-86E1-0C76CCD886CA}.Debug|Any CPU.ActiveCfg = Debug|Any CPU
		{9E8AF900-0F82-43A2-86E1-0C76CCD886CA}.Debug|Any CPU.Build.0 = Debug|Any CPU
		{9E8AF900-0F82-43A2-86E1-0C76CCD886CA}.Release|Any CPU.ActiveCfg = Release|Any CPU
		{9E8AF900-0F82-43A2-86E1-0C76CCD886CA}.Release|Any CPU.Build.0 = Release|Any CPU
	EndGlobalSection
	GlobalSection(SolutionProperties) = preSolution
		HideSolutionNode = FALSE
	EndGlobalSection
	GlobalSection(ExtensibilityGlobals) = postSolution
		SolutionGuid = {F163586D-A3A5-4259-96FE-EB41F51744AC}
	EndGlobalSection
EndGlobal
